
Microsoft Visual Studio Solution File, Format Version 12.00
# Visual Studio 15
VisualStudioVersion = 15.0.28010.2048
MinimumVisualStudioVersion = 10.0.40219.1
Project("{9A19103F-16F7-4668-BE54-9A1E7A4F7556}") = "Barbershop.MicroserviceBase", "Barbershop.MicroserviceBase\Barbershop.MicroserviceBase.csproj", "{DA4015CE-3B91-4DF0-9E9A-0A696CD8D02B}"
EndProject
Project("{2150E333-8FDC-42A3-9474-1A3956D46DE8}") = "Services", "Services", "{CE07395C-13C9-4541-8F6C-0F4F06615BFE}"
EndProject
Project("{FAE04EC0-301F-11D3-BF4B-00C04F79EFBC}") = "Barbershop.Barbers", "Barbershop.Barbers\Barbershop.Barbers.csproj", "{D29FEDBD-819D-499C-9639-557BC6B8283E}"
EndProject
Project("{FAE04EC0-301F-11D3-BF4B-00C04F79EFBC}") = "Barbershop.Feedback", "Barbershop.Feedback\Barbershop.Feedback.csproj", "{AD2DEAD0-B3A3-45A1-9FA2-F7D831505243}"
EndProject
Project("{FAE04EC0-301F-11D3-BF4B-00C04F79EFBC}") = "Barbershop.ApiGateway", "Barbershop.ApiGateway\Barbershop.ApiGateway.csproj", "{1CB4A1ED-3A28-4F3A-ABF2-D3DEB0E6CCE8}"
EndProject
Global
	GlobalSection(SolutionConfigurationPlatforms) = preSolution
		Debug|Any CPU = Debug|Any CPU
		Release|Any CPU = Release|Any CPU
	EndGlobalSection
	GlobalSection(ProjectConfigurationPlatforms) = postSolution
		{DA4015CE-3B91-4DF0-9E9A-0A696CD8D02B}.Debug|Any CPU.ActiveCfg = Debug|Any CPU
		{DA4015CE-3B91-4DF0-9E9A-0A696CD8D02B}.Debug|Any CPU.Build.0 = Debug|Any CPU
		{DA4015CE-3B91-4DF0-9E9A-0A696CD8D02B}.Release|Any CPU.ActiveCfg = Release|Any CPU
		{DA4015CE-3B91-4DF0-9E9A-0A696CD8D02B}.Release|Any CPU.Build.0 = Release|Any CPU
		{D29FEDBD-819D-499C-9639-557BC6B8283E}.Debug|Any CPU.ActiveCfg = Debug|Any CPU
		{D29FEDBD-819D-499C-9639-557BC6B8283E}.Debug|Any CPU.Build.0 = Debug|Any CPU
		{D29FEDBD-819D-499C-9639-557BC6B8283E}.Release|Any CPU.ActiveCfg = Release|Any CPU
		{D29FEDBD-819D-499C-9639-557BC6B8283E}.Release|Any CPU.Build.0 = Release|Any CPU
		{AD2DEAD0-B3A3-45A1-9FA2-F7D831505243}.Debug|Any CPU.ActiveCfg = Debug|Any CPU
		{AD2DEAD0-B3A3-45A1-9FA2-F7D831505243}.Debug|Any CPU.Build.0 = Debug|Any CPU
		{AD2DEAD0-B3A3-45A1-9FA2-F7D831505243}.Release|Any CPU.ActiveCfg = Release|Any CPU
		{AD2DEAD0-B3A3-45A1-9FA2-F7D831505243}.Release|Any CPU.Build.0 = Release|Any CPU
		{1CB4A1ED-3A28-4F3A-ABF2-D3DEB0E6CCE8}.Debug|Any CPU.ActiveCfg = Debug|Any CPU
		{1CB4A1ED-3A28-4F3A-ABF2-D3DEB0E6CCE8}.Debug|Any CPU.Build.0 = Debug|Any CPU
		{1CB4A1ED-3A28-4F3A-ABF2-D3DEB0E6CCE8}.Release|Any CPU.ActiveCfg = Release|Any CPU
		{1CB4A1ED-3A28-4F3A-ABF2-D3DEB0E6CCE8}.Release|Any CPU.Build.0 = Release|Any CPU
	EndGlobalSection
	GlobalSection(SolutionProperties) = preSolution
		HideSolutionNode = FALSE
	EndGlobalSection
	GlobalSection(NestedProjects) = preSolution
		{D29FEDBD-819D-499C-9639-557BC6B8283E} = {CE07395C-13C9-4541-8F6C-0F4F06615BFE}
		{AD2DEAD0-B3A3-45A1-9FA2-F7D831505243} = {CE07395C-13C9-4541-8F6C-0F4F06615BFE}
		{1CB4A1ED-3A28-4F3A-ABF2-D3DEB0E6CCE8} = {CE07395C-13C9-4541-8F6C-0F4F06615BFE}
	EndGlobalSection
	GlobalSection(ExtensibilityGlobals) = postSolution
		SolutionGuid = {4210C235-E044-452B-825A-6A0D39A8008C}
	EndGlobalSection
EndGlobal
